// !$*UTF8*$!
{
	archiveVersion = 1;
	classes = {
	};
	objectVersion = 46;
	objects = {

/* Begin PBXBuildFile section */
		B2CC7685183C5A1D00CDB0CB /* Foundation.framework in Frameworks */ = {isa = PBXBuildFile; fileRef = B2CC7684183C5A1D00CDB0CB /* Foundation.framework */; };
		B2CC7687183C5A1D00CDB0CB /* CoreGraphics.framework in Frameworks */ = {isa = PBXBuildFile; fileRef = B2CC7686183C5A1D00CDB0CB /* CoreGraphics.framework */; };
		B2CC7689183C5A1D00CDB0CB /* UIKit.framework in Frameworks */ = {isa = PBXBuildFile; fileRef = B2CC7688183C5A1D00CDB0CB /* UIKit.framework */; };
		B2CC768F183C5A1D00CDB0CB /* InfoPlist.strings in Resources */ = {isa = PBXBuildFile; fileRef = B2CC768D183C5A1D00CDB0CB /* InfoPlist.strings */; };
		B2CC7691183C5A1D00CDB0CB /* main.m in Sources */ = {isa = PBXBuildFile; fileRef = B2CC7690183C5A1D00CDB0CB /* main.m */; };
		B2CC7695183C5A1D00CDB0CB /* AppDelegate.m in Sources */ = {isa = PBXBuildFile; fileRef = B2CC7694183C5A1D00CDB0CB /* AppDelegate.m */; };
		B2CC7698183C5A1D00CDB0CB /* Main.storyboard in Resources */ = {isa = PBXBuildFile; fileRef = B2CC7696183C5A1D00CDB0CB /* Main.storyboard */; };
		B2CC769B183C5A1D00CDB0CB /* MasterViewController.m in Sources */ = {isa = PBXBuildFile; fileRef = B2CC769A183C5A1D00CDB0CB /* MasterViewController.m */; };
		B2CC769E183C5A1D00CDB0CB /* DetailViewController.m in Sources */ = {isa = PBXBuildFile; fileRef = B2CC769D183C5A1D00CDB0CB /* DetailViewController.m */; };
		B2CC76A0183C5A1D00CDB0CB /* Images.xcassets in Resources */ = {isa = PBXBuildFile; fileRef = B2CC769F183C5A1D00CDB0CB /* Images.xcassets */; };
		B2CC76A7183C5A1E00CDB0CB /* XCTest.framework in Frameworks */ = {isa = PBXBuildFile; fileRef = B2CC76A6183C5A1E00CDB0CB /* XCTest.framework */; };
		B2CC76A8183C5A1E00CDB0CB /* Foundation.framework in Frameworks */ = {isa = PBXBuildFile; fileRef = B2CC7684183C5A1D00CDB0CB /* Foundation.framework */; };
		B2CC76A9183C5A1E00CDB0CB /* UIKit.framework in Frameworks */ = {isa = PBXBuildFile; fileRef = B2CC7688183C5A1D00CDB0CB /* UIKit.framework */; };
		B2CC76B1183C5A1E00CDB0CB /* InfoPlist.strings in Resources */ = {isa = PBXBuildFile; fileRef = B2CC76AF183C5A1E00CDB0CB /* InfoPlist.strings */; };
		B2CC76B3183C5A1E00CDB0CB /* PhotoGalleryTests.m in Sources */ = {isa = PBXBuildFile; fileRef = B2CC76B2183C5A1E00CDB0CB /* PhotoGalleryTests.m */; };
/* End PBXBuildFile section */

/* Begin PBXContainerItemProxy section */
		B2CC76AA183C5A1E00CDB0CB /* PBXContainerItemProxy */ = {
			isa = PBXContainerItemProxy;
			containerPortal = B2CC7679183C5A1D00CDB0CB /* Project object */;
			proxyType = 1;
			remoteGlobalIDString = B2CC7680183C5A1D00CDB0CB;
			remoteInfo = PhotoGallery;
		};
/* End PBXContainerItemProxy section */

/* Begin PBXFileReference section */
		B2CC7681183C5A1D00CDB0CB /* PhotoGallery.app */ = {isa = PBXFileReference; explicitFileType = wrapper.application; includeInIndex = 0; path = PhotoGallery.app; sourceTree = BUILT_PRODUCTS_DIR; };
		B2CC7684183C5A1D00CDB0CB /* Foundation.framework */ = {isa = PBXFileReference; lastKnownFileType = wrapper.framework; name = Foundation.framework; path = System/Library/Frameworks/Foundation.framework; sourceTree = SDKROOT; };
		B2CC7686183C5A1D00CDB0CB /* CoreGraphics.framework */ = {isa = PBXFileReference; lastKnownFileType = wrapper.framework; name = CoreGraphics.framework; path = System/Library/Frameworks/CoreGraphics.framework; sourceTree = SDKROOT; };
		B2CC7688183C5A1D00CDB0CB /* UIKit.framework */ = {isa = PBXFileReference; lastKnownFileType = wrapper.framework; name = UIKit.framework; path = System/Library/Frameworks/UIKit.framework; sourceTree = SDKROOT; };
		B2CC768C183C5A1D00CDB0CB /* PhotoGallery-Info.plist */ = {isa = PBXFileReference; lastKnownFileType = text.plist.xml; path = "PhotoGallery-Info.plist"; sourceTree = "<group>"; };
		B2CC768E183C5A1D00CDB0CB /* en */ = {isa = PBXFileReference; lastKnownFileType = text.plist.strings; name = en; path = en.lproj/InfoPlist.strings; sourceTree = "<group>"; };
		B2CC7690183C5A1D00CDB0CB /* main.m */ = {isa = PBXFileReference; lastKnownFileType = sourcecode.c.objc; path = main.m; sourceTree = "<group>"; };
		B2CC7692183C5A1D00CDB0CB /* PhotoGallery-Prefix.pch */ = {isa = PBXFileReference; lastKnownFileType = sourcecode.c.h; path = "PhotoGallery-Prefix.pch"; sourceTree = "<group>"; };
		B2CC7693183C5A1D00CDB0CB /* AppDelegate.h */ = {isa = PBXFileReference; lastKnownFileType = sourcecode.c.h; path = AppDelegate.h; sourceTree = "<group>"; };
		B2CC7694183C5A1D00CDB0CB /* AppDelegate.m */ = {isa = PBXFileReference; lastKnownFileType = sourcecode.c.objc; path = AppDelegate.m; sourceTree = "<group>"; };
		B2CC7697183C5A1D00CDB0CB /* Base */ = {isa = PBXFileReference; lastKnownFileType = file.storyboard; name = Base; path = Base.lproj/Main.storyboard; sourceTree = "<group>"; };
		B2CC7699183C5A1D00CDB0CB /* MasterViewController.h */ = {isa = PBXFileReference; lastKnownFileType = sourcecode.c.h; path = MasterViewController.h; sourceTree = "<group>"; };
		B2CC769A183C5A1D00CDB0CB /* MasterViewController.m */ = {isa = PBXFileReference; lastKnownFileType = sourcecode.c.objc; path = MasterViewController.m; sourceTree = "<group>"; };
		B2CC769C183C5A1D00CDB0CB /* DetailViewController.h */ = {isa = PBXFileReference; lastKnownFileType = sourcecode.c.h; path = DetailViewController.h; sourceTree = "<group>"; };
		B2CC769D183C5A1D00CDB0CB /* DetailViewController.m */ = {isa = PBXFileReference; lastKnownFileType = sourcecode.c.objc; path = DetailViewController.m; sourceTree = "<group>"; };
		B2CC769F183C5A1D00CDB0CB /* Images.xcassets */ = {isa = PBXFileReference; lastKnownFileType = folder.assetcatalog; path = Images.xcassets; sourceTree = "<group>"; };
		B2CC76A5183C5A1E00CDB0CB /* PhotoGalleryTests.xctest */ = {isa = PBXFileReference; explicitFileType = wrapper.cfbundle; includeInIndex = 0; path = PhotoGalleryTests.xctest; sourceTree = BUILT_PRODUCTS_DIR; };
		B2CC76A6183C5A1E00CDB0CB /* XCTest.framework */ = {isa = PBXFileReference; lastKnownFileType = wrapper.framework; name = XCTest.framework; path = Library/Frameworks/XCTest.framework; sourceTree = DEVELOPER_DIR; };
		B2CC76AE183C5A1E00CDB0CB /* PhotoGalleryTests-Info.plist */ = {isa = PBXFileReference; lastKnownFileType = text.plist.xml; path = "PhotoGalleryTests-Info.plist"; sourceTree = "<group>"; };
		B2CC76B0183C5A1E00CDB0CB /* en */ = {isa = PBXFileReference; lastKnownFileType = text.plist.strings; name = en; path = en.lproj/InfoPlist.strings; sourceTree = "<group>"; };
		B2CC76B2183C5A1E00CDB0CB /* PhotoGalleryTests.m */ = {isa = PBXFileReference; lastKnownFileType = sourcecode.c.objc; path = PhotoGalleryTests.m; sourceTree = "<group>"; };
/* End PBXFileReference section */

/* Begin PBXFrameworksBuildPhase section */
		B2CC767E183C5A1D00CDB0CB /* Frameworks */ = {
			isa = PBXFrameworksBuildPhase;
			buildActionMask = 2147483647;
			files = (
				B2CC7687183C5A1D00CDB0CB /* CoreGraphics.framework in Frameworks */,
				B2CC7689183C5A1D00CDB0CB /* UIKit.framework in Frameworks */,
				B2CC7685183C5A1D00CDB0CB /* Foundation.framework in Frameworks */,
			);
			runOnlyForDeploymentPostprocessing = 0;
		};
		B2CC76A2183C5A1E00CDB0CB /* Frameworks */ = {
			isa = PBXFrameworksBuildPhase;
			buildActionMask = 2147483647;
			files = (
				B2CC76A7183C5A1E00CDB0CB /* XCTest.framework in Frameworks */,
				B2CC76A9183C5A1E00CDB0CB /* UIKit.framework in Frameworks */,
				B2CC76A8183C5A1E00CDB0CB /* Foundation.framework in Frameworks */,
			);
			runOnlyForDeploymentPostprocessing = 0;
		};
/* End PBXFrameworksBuildPhase section */

/* Begin PBXGroup section */
		B2CC7678183C5A1D00CDB0CB = {
			isa = PBXGroup;
			children = (
				B2CC768A183C5A1D00CDB0CB /* PhotoGallery */,
				B2CC76AC183C5A1E00CDB0CB /* PhotoGalleryTests */,
				B2CC7683183C5A1D00CDB0CB /* Frameworks */,
				B2CC7682183C5A1D00CDB0CB /* Products */,
			);
			sourceTree = "<group>";
		};
		B2CC7682183C5A1D00CDB0CB /* Products */ = {
			isa = PBXGroup;
			children = (
				B2CC7681183C5A1D00CDB0CB /* PhotoGallery.app */,
				B2CC76A5183C5A1E00CDB0CB /* PhotoGalleryTests.xctest */,
			);
			name = Products;
			sourceTree = "<group>";
		};
		B2CC7683183C5A1D00CDB0CB /* Frameworks */ = {
			isa = PBXGroup;
			children = (
				B2CC7684183C5A1D00CDB0CB /* Foundation.framework */,
				B2CC7686183C5A1D00CDB0CB /* CoreGraphics.framework */,
				B2CC7688183C5A1D00CDB0CB /* UIKit.framework */,
				B2CC76A6183C5A1E00CDB0CB /* XCTest.framework */,
			);
			name = Frameworks;
			sourceTree = "<group>";
		};
		B2CC768A183C5A1D00CDB0CB /* PhotoGallery */ = {
			isa = PBXGroup;
			children = (
				B2CC7693183C5A1D00CDB0CB /* AppDelegate.h */,
				B2CC7694183C5A1D00CDB0CB /* AppDelegate.m */,
				B2CC7696183C5A1D00CDB0CB /* Main.storyboard */,
				B2CC7699183C5A1D00CDB0CB /* MasterViewController.h */,
				B2CC769A183C5A1D00CDB0CB /* MasterViewController.m */,
				B2CC769C183C5A1D00CDB0CB /* DetailViewController.h */,
				B2CC769D183C5A1D00CDB0CB /* DetailViewController.m */,
				B2CC769F183C5A1D00CDB0CB /* Images.xcassets */,
				B2CC768B183C5A1D00CDB0CB /* Supporting Files */,
			);
			path = PhotoGallery;
			sourceTree = "<group>";
		};
		B2CC768B183C5A1D00CDB0CB /* Supporting Files */ = {
			isa = PBXGroup;
			children = (
				B2CC768C183C5A1D00CDB0CB /* PhotoGallery-Info.plist */,
				B2CC768D183C5A1D00CDB0CB /* InfoPlist.strings */,
				B2CC7690183C5A1D00CDB0CB /* main.m */,
				B2CC7692183C5A1D00CDB0CB /* PhotoGallery-Prefix.pch */,
			);
			name = "Supporting Files";
			sourceTree = "<group>";
		};
		B2CC76AC183C5A1E00CDB0CB /* PhotoGalleryTests */ = {
			isa = PBXGroup;
			children = (
				B2CC76B2183C5A1E00CDB0CB /* PhotoGalleryTests.m */,
				B2CC76AD183C5A1E00CDB0CB /* Supporting Files */,
			);
			path = PhotoGalleryTests;
			sourceTree = "<group>";
		};
		B2CC76AD183C5A1E00CDB0CB /* Supporting Files */ = {
			isa = PBXGroup;
			children = (
				B2CC76AE183C5A1E00CDB0CB /* PhotoGalleryTests-Info.plist */,
				B2CC76AF183C5A1E00CDB0CB /* InfoPlist.strings */,
			);
			name = "Supporting Files";
			sourceTree = "<group>";
		};
/* End PBXGroup section */

/* Begin PBXNativeTarget section */
		B2CC7680183C5A1D00CDB0CB /* PhotoGallery */ = {
			isa = PBXNativeTarget;
			buildConfigurationList = B2CC76B6183C5A1E00CDB0CB /* Build configuration list for PBXNativeTarget "PhotoGallery" */;
			buildPhases = (
				B2CC767D183C5A1D00CDB0CB /* Sources */,
				B2CC767E183C5A1D00CDB0CB /* Frameworks */,
				B2CC767F183C5A1D00CDB0CB /* Resources */,
			);
			buildRules = (
			);
			dependencies = (
			);
			name = PhotoGallery;
			productName = PhotoGallery;
			productReference = B2CC7681183C5A1D00CDB0CB /* PhotoGallery.app */;
			productType = "com.apple.product-type.application";
		};
		B2CC76A4183C5A1E00CDB0CB /* PhotoGalleryTests */ = {
			isa = PBXNativeTarget;
			buildConfigurationList = B2CC76B9183C5A1E00CDB0CB /* Build configuration list for PBXNativeTarget "PhotoGalleryTests" */;
			buildPhases = (
				B2CC76A1183C5A1E00CDB0CB /* Sources */,
				B2CC76A2183C5A1E00CDB0CB /* Frameworks */,
				B2CC76A3183C5A1E00CDB0CB /* Resources */,
			);
			buildRules = (
			);
			dependencies = (
				B2CC76AB183C5A1E00CDB0CB /* PBXTargetDependency */,
			);
			name = PhotoGalleryTests;
			productName = PhotoGalleryTests;
			productReference = B2CC76A5183C5A1E00CDB0CB /* PhotoGalleryTests.xctest */;
			productType = "com.apple.product-type.bundle.unit-test";
		};
/* End PBXNativeTarget section */

/* Begin PBXProject section */
		B2CC7679183C5A1D00CDB0CB /* Project object */ = {
			isa = PBXProject;
			attributes = {
				LastUpgradeCheck = 0500;
				ORGANIZATIONNAME = "Alain Malenfant";
				TargetAttributes = {
					B2CC76A4183C5A1E00CDB0CB = {
						TestTargetID = B2CC7680183C5A1D00CDB0CB;
					};
				};
			};
			buildConfigurationList = B2CC767C183C5A1D00CDB0CB /* Build configuration list for PBXProject "PhotoGallery" */;
			compatibilityVersion = "Xcode 3.2";
			developmentRegion = English;
			hasScannedForEncodings = 0;
			knownRegions = (
				en,
				Base,
			);
			mainGroup = B2CC7678183C5A1D00CDB0CB;
			productRefGroup = B2CC7682183C5A1D00CDB0CB /* Products */;
			projectDirPath = "";
			projectRoot = "";
			targets = (
				B2CC7680183C5A1D00CDB0CB /* PhotoGallery */,
				B2CC76A4183C5A1E00CDB0CB /* PhotoGalleryTests */,
			);
		};
/* End PBXProject section */

/* Begin PBXResourcesBuildPhase section */
		B2CC767F183C5A1D00CDB0CB /* Resources */ = {
			isa = PBXResourcesBuildPhase;
			buildActionMask = 2147483647;
			files = (
				B2CC76A0183C5A1D00CDB0CB /* Images.xcassets in Resources */,
				B2CC768F183C5A1D00CDB0CB /* InfoPlist.strings in Resources */,
				B2CC7698183C5A1D00CDB0CB /* Main.storyboard in Resources */,
			);
			runOnlyForDeploymentPostprocessing = 0;
		};
		B2CC76A3183C5A1E00CDB0CB /* Resources */ = {
			isa = PBXResourcesBuildPhase;
			buildActionMask = 2147483647;
			files = (
				B2CC76B1183C5A1E00CDB0CB /* InfoPlist.strings in Resources */,
			);
			runOnlyForDeploymentPostprocessing = 0;
		};
/* End PBXResourcesBuildPhase section */

/* Begin PBXSourcesBuildPhase section */
		B2CC767D183C5A1D00CDB0CB /* Sources */ = {
			isa = PBXSourcesBuildPhase;
			buildActionMask = 2147483647;
			files = (
				B2CC7695183C5A1D00CDB0CB /* AppDelegate.m in Sources */,
				B2CC769B183C5A1D00CDB0CB /* MasterViewController.m in Sources */,
				B2CC7691183C5A1D00CDB0CB /* main.m in Sources */,
				B2CC769E183C5A1D00CDB0CB /* DetailViewController.m in Sources */,
			);
			runOnlyForDeploymentPostprocessing = 0;
		};
		B2CC76A1183C5A1E00CDB0CB /* Sources */ = {
			isa = PBXSourcesBuildPhase;
			buildActionMask = 2147483647;
			files = (
				B2CC76B3183C5A1E00CDB0CB /* PhotoGalleryTests.m in Sources */,
			);
			runOnlyForDeploymentPostprocessing = 0;
		};
/* End PBXSourcesBuildPhase section */

/* Begin PBXTargetDependency section */
		B2CC76AB183C5A1E00CDB0CB /* PBXTargetDependency */ = {
			isa = PBXTargetDependency;
			target = B2CC7680183C5A1D00CDB0CB /* PhotoGallery */;
			targetProxy = B2CC76AA183C5A1E00CDB0CB /* PBXContainerItemProxy */;
		};
/* End PBXTargetDependency section */

/* Begin PBXVariantGroup section */
		B2CC768D183C5A1D00CDB0CB /* InfoPlist.strings */ = {
			isa = PBXVariantGroup;
			children = (
				B2CC768E183C5A1D00CDB0CB /* en */,
			);
			name = InfoPlist.strings;
			sourceTree = "<group>";
		};
		B2CC7696183C5A1D00CDB0CB /* Main.storyboard */ = {
			isa = PBXVariantGroup;
			children = (
				B2CC7697183C5A1D00CDB0CB /* Base */,
			);
			name = Main.storyboard;
			sourceTree = "<group>";
		};
		B2CC76AF183C5A1E00CDB0CB /* InfoPlist.strings */ = {
			isa = PBXVariantGroup;
			children = (
				B2CC76B0183C5A1E00CDB0CB /* en */,
			);
			name = InfoPlist.strings;
			sourceTree = "<group>";
		};
/* End PBXVariantGroup section */

/* Begin XCBuildConfiguration section */
		B2CC76B4183C5A1E00CDB0CB /* Debug */ = {
			isa = XCBuildConfiguration;
			buildSettings = {
				ALWAYS_SEARCH_USER_PATHS = NO;
				ARCHS = "$(ARCHS_STANDARD_INCLUDING_64_BIT)";
				CLANG_CXX_LANGUAGE_STANDARD = "gnu++0x";
				CLANG_CXX_LIBRARY = "libc++";
				CLANG_ENABLE_MODULES = YES;
				CLANG_ENABLE_OBJC_ARC = YES;
				CLANG_WARN_BOOL_CONVERSION = YES;
				CLANG_WARN_CONSTANT_CONVERSION = YES;
				CLANG_WARN_DIRECT_OBJC_ISA_USAGE = YES_ERROR;
				CLANG_WARN_EMPTY_BODY = YES;
				CLANG_WARN_ENUM_CONVERSION = YES;
				CLANG_WARN_INT_CONVERSION = YES;
				CLANG_WARN_OBJC_ROOT_CLASS = YES_ERROR;
				CLANG_WARN__DUPLICATE_METHOD_MATCH = YES;
				"CODE_SIGN_IDENTITY[sdk=iphoneos*]" = "iPhone Developer";
				COPY_PHASE_STRIP = NO;
				GCC_C_LANGUAGE_STANDARD = gnu99;
				GCC_DYNAMIC_NO_PIC = NO;
				GCC_OPTIMIZATION_LEVEL = 0;
				GCC_PREPROCESSOR_DEFINITIONS = (
					"DEBUG=1",
					"$(inherited)",
				);
				GCC_SYMBOLS_PRIVATE_EXTERN = NO;
				GCC_WARN_64_TO_32_BIT_CONVERSION = YES;
				GCC_WARN_ABOUT_RETURN_TYPE = YES_ERROR;
				GCC_WARN_UNDECLARED_SELECTOR = YES;
				GCC_WARN_UNINITIALIZED_AUTOS = YES;
				GCC_WARN_UNUSED_FUNCTION = YES;
				GCC_WARN_UNUSED_VARIABLE = YES;
				IPHONEOS_DEPLOYMENT_TARGET = 7.0;
				ONLY_ACTIVE_ARCH = YES;
				SDKROOT = iphoneos;
			};
			name = Debug;
		};
		B2CC76B5183C5A1E00CDB0CB /* Release */ = {
			isa = XCBuildConfiguration;
			buildSettings = {
				ALWAYS_SEARCH_USER_PATHS = NO;
				ARCHS = "$(ARCHS_STANDARD_INCLUDING_64_BIT)";
				CLANG_CXX_LANGUAGE_STANDARD = "gnu++0x";
				CLANG_CXX_LIBRARY = "libc++";
				CLANG_ENABLE_MODULES = YES;
				CLANG_ENABLE_OBJC_ARC = YES;
				CLANG_WARN_BOOL_CONVERSION = YES;
				CLANG_WARN_CONSTANT_CONVERSION = YES;
				CLANG_WARN_DIRECT_OBJC_ISA_USAGE = YES_ERROR;
				CLANG_WARN_EMPTY_BODY = YES;
				CLANG_WARN_ENUM_CONVERSION = YES;
				CLANG_WARN_INT_CONVERSION = YES;
				CLANG_WARN_OBJC_ROOT_CLASS = YES_ERROR;
				CLANG_WARN__DUPLICATE_METHOD_MATCH = YES;
				"CODE_SIGN_IDENTITY[sdk=iphoneos*]" = "iPhone Developer";
				COPY_PHASE_STRIP = YES;
				ENABLE_NS_ASSERTIONS = NO;
				GCC_C_LANGUAGE_STANDARD = gnu99;
				GCC_WARN_64_TO_32_BIT_CONVERSION = YES;
				GCC_WARN_ABOUT_RETURN_TYPE = YES_ERROR;
				GCC_WARN_UNDECLARED_SELECTOR = YES;
				GCC_WARN_UNINITIALIZED_AUTOS = YES;
				GCC_WARN_UNUSED_FUNCTION = YES;
				GCC_WARN_UNUSED_VARIABLE = YES;
				IPHONEOS_DEPLOYMENT_TARGET = 7.0;
				SDKROOT = iphoneos;
				VALIDATE_PRODUCT = YES;
			};
			name = Release;
		};
		B2CC76B7183C5A1E00CDB0CB /* Debug */ = {
			isa = XCBuildConfiguration;
			buildSettings = {
				ASSETCATALOG_COMPILER_APPICON_NAME = AppIcon;
				ASSETCATALOG_COMPILER_LAUNCHIMAGE_NAME = LaunchImage;
				GCC_PRECOMPILE_PREFIX_HEADER = YES;
				GCC_PREFIX_HEADER = "PhotoGallery/PhotoGallery-Prefix.pch";
				INFOPLIST_FILE = "PhotoGallery/PhotoGallery-Info.plist";
				PRODUCT_NAME = "$(TARGET_NAME)";
				WRAPPER_EXTENSION = app;
			};
			name = Debug;
		};
		B2CC76B8183C5A1E00CDB0CB /* Release */ = {
			isa = XCBuildConfiguration;
			buildSettings = {
				ASSETCATALOG_COMPILER_APPICON_NAME = AppIcon;
				ASSETCATALOG_COMPILER_LAUNCHIMAGE_NAME = LaunchImage;
				GCC_PRECOMPILE_PREFIX_HEADER = YES;
				GCC_PREFIX_HEADER = "PhotoGallery/PhotoGallery-Prefix.pch";
				INFOPLIST_FILE = "PhotoGallery/PhotoGallery-Info.plist";
				PRODUCT_NAME = "$(TARGET_NAME)";
				WRAPPER_EXTENSION = app;
			};
			name = Release;
		};
		B2CC76BA183C5A1E00CDB0CB /* Debug */ = {
			isa = XCBuildConfiguration;
			buildSettings = {
				ARCHS = "$(ARCHS_STANDARD_INCLUDING_64_BIT)";
				BUNDLE_LOADER = "$(BUILT_PRODUCTS_DIR)/PhotoGallery.app/PhotoGallery";
				FRAMEWORK_SEARCH_PATHS = (
					"$(SDKROOT)/Developer/Library/Frameworks",
					"$(inherited)",
					"$(DEVELOPER_FRAMEWORKS_DIR)",
				);
				GCC_PRECOMPILE_PREFIX_HEADER = YES;
				GCC_PREFIX_HEADER = "PhotoGallery/PhotoGallery-Prefix.pch";
				GCC_PREPROCESSOR_DEFINITIONS = (
					"DEBUG=1",
					"$(inherited)",
				);
				INFOPLIST_FILE = "PhotoGalleryTests/PhotoGalleryTests-Info.plist";
				PRODUCT_NAME = "$(TARGET_NAME)";
				TEST_HOST = "$(BUNDLE_LOADER)";
				WRAPPER_EXTENSION = xctest;
			};
			name = Debug;
		};
		B2CC76BB183C5A1E00CDB0CB /* Release */ = {
			isa = XCBuildConfiguration;
			buildSettings = {
				ARCHS = "$(ARCHS_STANDARD_INCLUDING_64_BIT)";
				BUNDLE_LOADER = "$(BUILT_PRODUCTS_DIR)/PhotoGallery.app/PhotoGallery";
				FRAMEWORK_SEARCH_PATHS = (
					"$(SDKROOT)/Developer/Library/Frameworks",
					"$(inherited)",
					"$(DEVELOPER_FRAMEWORKS_DIR)",
				);
				GCC_PRECOMPILE_PREFIX_HEADER = YES;
				GCC_PREFIX_HEADER = "PhotoGallery/PhotoGallery-Prefix.pch";
				INFOPLIST_FILE = "PhotoGalleryTests/PhotoGalleryTests-Info.plist";
				PRODUCT_NAME = "$(TARGET_NAME)";
				TEST_HOST = "$(BUNDLE_LOADER)";
				WRAPPER_EXTENSION = xctest;
			};
			name = Release;
		};
/* End XCBuildConfiguration section */

/* Begin XCConfigurationList section */
		B2CC767C183C5A1D00CDB0CB /* Build configuration list for PBXProject "PhotoGallery" */ = {
			isa = XCConfigurationList;
			buildConfigurations = (
				B2CC76B4183C5A1E00CDB0CB /* Debug */,
				B2CC76B5183C5A1E00CDB0CB /* Release */,
			);
			defaultConfigurationIsVisible = 0;
			defaultConfigurationName = Release;
		};
		B2CC76B6183C5A1E00CDB0CB /* Build configuration list for PBXNativeTarget "PhotoGallery" */ = {
			isa = XCConfigurationList;
			buildConfigurations = (
				B2CC76B7183C5A1E00CDB0CB /* Debug */,
				B2CC76B8183C5A1E00CDB0CB /* Release */,
			);
			defaultConfigurationIsVisible = 0;
		};
		B2CC76B9183C5A1E00CDB0CB /* Build configuration list for PBXNativeTarget "PhotoGalleryTests" */ = {
			isa = XCConfigurationList;
			buildConfigurations = (
				B2CC76BA183C5A1E00CDB0CB /* Debug */,
				B2CC76BB183C5A1E00CDB0CB /* Release */,
			);
			defaultConfigurationIsVisible = 0;
		};
/* End XCConfigurationList section */
	};
	rootObject = B2CC7679183C5A1D00CDB0CB /* Project object */;
}
